
Microsoft Visual Studio Solution File, Format Version 12.00
# Visual Studio Version 17
VisualStudioVersion = 17.11.35222.181
MinimumVisualStudioVersion = 10.0.40219.1
Project("{FAE04EC0-301F-11D3-BF4B-00C04F79EFBC}") = "Tutorial1", "Tutorial1\Tutorial1.csproj", "{2CD2CC01-0FD4-47E9-868A-2C9632CE0188}"
EndProject
Global
	GlobalSection(SolutionConfigurationPlatforms) = preSolution
		Debug|Any CPU = Debug|Any CPU
		Release|Any CPU = Release|Any CPU
	EndGlobalSection
	GlobalSection(ProjectConfigurationPlatforms) = postSolution
		{2CD2CC01-0FD4-47E9-868A-2C9632CE0188}.Debug|Any CPU.ActiveCfg = Debug|Any CPU
		{2CD2CC01-0FD4-47E9-868A-2C9632CE0188}.Debug|Any CPU.Build.0 = Debug|Any CPU
		{2CD2CC01-0FD4-47E9-868A-2C9632CE0188}.Release|Any CPU.ActiveCfg = Release|Any CPU
		{2CD2CC01-0FD4-47E9-868A-2C9632CE0188}.Release|Any CPU.Build.0 = Release|Any CPU
	EndGlobalSection
	GlobalSection(SolutionProperties) = preSolution
		HideSolutionNode = FALSE
	EndGlobalSection
	GlobalSection(ExtensibilityGlobals) = postSolution
		SolutionGuid = {D6A9CD1F-A372-4244-B557-0D3FF5509B42}
	EndGlobalSection
EndGlobal
